
Microsoft Visual Studio Solution File, Format Version 12.00
# Visual Studio 15
VisualStudioVersion = 15.0.28010.2003
MinimumVisualStudioVersion = 10.0.40219.1
Project("{9A19103F-16F7-4668-BE54-9A1E7A4F7556}") = "Microsoft.ML.OnnxRuntime", "OnnxRuntime\Microsoft.ML.OnnxRuntime.csproj", "{584B53B3-359D-4DC2-BCD8-530B5D4685AD}"
EndProject
Project("{9A19103F-16F7-4668-BE54-9A1E7A4F7556}") = "CSharpUsage", "CSharpUsage\CSharpUsage.csproj", "{1AA14958-9246-4163-9403-F650E65ADCBC}"
EndProject
Global
	GlobalSection(SolutionConfigurationPlatforms) = preSolution
		Debug|Any CPU = Debug|Any CPU
		Release|Any CPU = Release|Any CPU
	EndGlobalSection
	GlobalSection(ProjectConfigurationPlatforms) = postSolution
		{584B53B3-359D-4DC2-BCD8-530B5D4685AD}.Debug|Any CPU.ActiveCfg = Debug|Any CPU
		{584B53B3-359D-4DC2-BCD8-530B5D4685AD}.Debug|Any CPU.Build.0 = Debug|Any CPU
		{584B53B3-359D-4DC2-BCD8-530B5D4685AD}.Release|Any CPU.ActiveCfg = Release|Any CPU
		{584B53B3-359D-4DC2-BCD8-530B5D4685AD}.Release|Any CPU.Build.0 = Release|Any CPU
		{1AA14958-9246-4163-9403-F650E65ADCBC}.Debug|Any CPU.ActiveCfg = Debug|Any CPU
		{1AA14958-9246-4163-9403-F650E65ADCBC}.Debug|Any CPU.Build.0 = Debug|Any CPU
		{1AA14958-9246-4163-9403-F650E65ADCBC}.Release|Any CPU.ActiveCfg = Release|Any CPU
		{1AA14958-9246-4163-9403-F650E65ADCBC}.Release|Any CPU.Build.0 = Release|Any CPU
	EndGlobalSection
	GlobalSection(SolutionProperties) = preSolution
		HideSolutionNode = FALSE
	EndGlobalSection
	GlobalSection(ExtensibilityGlobals) = postSolution
		SolutionGuid = {C3DBDA2B-F169-4EDE-9353-858904124B75}
	EndGlobalSection
EndGlobal
