Microsoft Visual Studio Solution File, Format Version 12.00
# Visual Studio Version 17
VisualStudioVersion = 17.2.32630.192
MinimumVisualStudioVersion = 10.0.40219.1
Project("{2150E333-8FDC-42A3-9474-1A3956D46DE8}") = "OnnxRuntime", "OnnxRuntime", "{6EFBFAB8-C606-4BA4-9604-BBAF3788520D}"
EndProject
Project("{9A19103F-16F7-4668-BE54-9A1E7A4F7556}") = "Microsoft.ML.OnnxRuntime", "src\Microsoft.ML.OnnxRuntime\Microsoft.ML.OnnxRuntime.csproj", "{584B53B3-359D-4DC2-BCD8-530B5D4685AD}"
EndProject
Project("{2150E333-8FDC-42A3-9474-1A3956D46DE8}") = "Sample", "Sample", "{02AADD56-0FD4-4F03-A56C-30529A36B0C0}"
EndProject
Project("{9A19103F-16F7-4668-BE54-9A1E7A4F7556}") = "Microsoft.ML.OnnxRuntime.InferenceSample", "sample\InferenceSample\Microsoft.ML.OnnxRuntime.InferenceSample\Microsoft.ML.OnnxRuntime.InferenceSample.csproj", "{2E295930-42B1-422D-925D-F07947AD8EFF}"
EndProject
Project("{9A19103F-16F7-4668-BE54-9A1E7A4F7556}") = "Microsoft.ML.OnnxRuntime.InferenceSample.Forms", "sample\InferenceSample\Microsoft.ML.OnnxRuntime.InferenceSample.Forms\Microsoft.ML.OnnxRuntime.InferenceSample.Forms.csproj", "{C5BDDD5D-F811-4CDD-A977-2D8581C21F36}"
EndProject
Project("{FAE04EC0-301F-11D3-BF4B-00C04F79EFBC}") = "Microsoft.ML.OnnxRuntime.InferenceSample.Forms.Android", "sample\InferenceSample\Microsoft.ML.OnnxRuntime.InferenceSample.Forms.Android\Microsoft.ML.OnnxRuntime.InferenceSample.Forms.Android.csproj", "{E5FED8FD-952F-4DB9-A5A9-2C598FAF976E}"
EndProject
Project("{FAE04EC0-301F-11D3-BF4B-00C04F79EFBC}") = "Microsoft.ML.OnnxRuntime.InferenceSample.Forms.iOS", "sample\InferenceSample\Microsoft.ML.OnnxRuntime.InferenceSample.Forms.iOS\Microsoft.ML.OnnxRuntime.InferenceSample.Forms.iOS.csproj", "{97B32648-1B4A-4E35-8058-B2AD7373B6E6}"
EndProject
Project("{9A19103F-16F7-4668-BE54-9A1E7A4F7556}") = "Microsoft.ML.OnnxRuntime.InferenceSample.NetCoreApp", "sample\InferenceSample\Microsoft.ML.OnnxRuntime.InferenceSample.NetCoreApp\Microsoft.ML.OnnxRuntime.InferenceSample.NetCoreApp.csproj", "{1AA14958-9246-4163-9403-F650E65ADCBC}"
EndProject
Project("{2150E333-8FDC-42A3-9474-1A3956D46DE8}") = "Perf", "Perf", "{05C85C92-A377-4F69-9EF4-44A94C9B089D}"
EndProject
Project("{9A19103F-16F7-4668-BE54-9A1E7A4F7556}") = "Microsoft.ML.OnnxRuntime.PerfTool", "tools\Microsoft.ML.OnnxRuntime.PerfTool\Microsoft.ML.OnnxRuntime.PerfTool.csproj", "{310506FD-6E78-4D62-989B-25D69A85E8CF}"
EndProject
Project("{2150E333-8FDC-42A3-9474-1A3956D46DE8}") = "Tests", "Tests", "{6782763B-8097-457C-AEA3-67678621DBE0}"
EndProject
Project("{9A19103F-16F7-4668-BE54-9A1E7A4F7556}") = "Microsoft.ML.OnnxRuntime.Tests.Common", "test\Microsoft.ML.OnnxRuntime.Tests.Common\Microsoft.ML.OnnxRuntime.Tests.Common.csproj", "{04FA49F0-AA23-4EE5-B455-6E12FFAD29E6}"
EndProject
Project("{9A19103F-16F7-4668-BE54-9A1E7A4F7556}") = "Microsoft.ML.OnnxRuntime.Tests.NetCoreApp", "test\Microsoft.ML.OnnxRuntime.Tests.NetCoreApp\Microsoft.ML.OnnxRuntime.Tests.NetCoreApp.csproj", "{50173D13-DF29-42E7-A30B-8B12D36C77B1}"
EndProject
Project("{FAE04EC0-301F-11D3-BF4B-00C04F79EFBC}") = "Microsoft.ML.OnnxRuntime.Tests.iOS", "test\Microsoft.ML.OnnxRuntime.Tests.iOS\Microsoft.ML.OnnxRuntime.Tests.iOS.csproj", "{19446672-EBA3-4BA6-8DFB-AB2A85AC9AA4}"
EndProject
Project("{FAE04EC0-301F-11D3-BF4B-00C04F79EFBC}") = "Microsoft.ML.OnnxRuntime.Tests.Droid", "test\Microsoft.ML.OnnxRuntime.Tests.Droid\Microsoft.ML.OnnxRuntime.Tests.Droid.csproj", "{772E0BB4-6B5A-4453-9F4A-034DCBB61B5C}"
EndProject
Project("{9A19103F-16F7-4668-BE54-9A1E7A4F7556}") = "Microsoft.ML.OnnxRuntime.Tests.Devices", "test\Microsoft.ML.OnnxRuntime.Tests.Devices\Microsoft.ML.OnnxRuntime.Tests.Devices.csproj", "{30431891-3929-4394-8049-75055B92315F}"
EndProject
Project("{2150E333-8FDC-42A3-9474-1A3956D46DE8}") = "Docs", "Docs", "{7C7FC981-8AE7-42C6-962C-4B70D5C20C35}"
EndProject
Project("{FAE04EC0-301F-11D3-BF4B-00C04F79EFBC}") = "ApiDocs", "ApiDocs\ApiDocs.csproj", "{7D841874-815D-43C7-9A3F-DD0AD9BA9D42}"
EndProject
Global
	GlobalSection(SolutionConfigurationPlatforms) = preSolution
		Debug|Any CPU = Debug|Any CPU
		Debug|iPhone = Debug|iPhone
		Debug|iPhoneSimulator = Debug|iPhoneSimulator
		Debug|x86 = Debug|x86
		Release|Any CPU = Release|Any CPU
		Release|iPhone = Release|iPhone
		Release|iPhoneSimulator = Release|iPhoneSimulator
		Release|x86 = Release|x86
		RelWithDebInfo|Any CPU = RelWithDebInfo|Any CPU
		RelWithDebInfo|iPhone = RelWithDebInfo|iPhone
		RelWithDebInfo|iPhoneSimulator = RelWithDebInfo|iPhoneSimulator
		RelWithDebInfo|x86 = RelWithDebInfo|x86
	EndGlobalSection
	GlobalSection(ProjectConfigurationPlatforms) = postSolution
		{584B53B3-359D-4DC2-BCD8-530B5D4685AD}.Debug|Any CPU.ActiveCfg = Debug|Any CPU
		{584B53B3-359D-4DC2-BCD8-530B5D4685AD}.Debug|Any CPU.Build.0 = Debug|Any CPU
		{584B53B3-359D-4DC2-BCD8-530B5D4685AD}.Debug|iPhone.ActiveCfg = Debug|Any CPU
		{584B53B3-359D-4DC2-BCD8-530B5D4685AD}.Debug|iPhone.Build.0 = Debug|Any CPU
		{584B53B3-359D-4DC2-BCD8-530B5D4685AD}.Debug|iPhoneSimulator.ActiveCfg = Debug|Any CPU
		{584B53B3-359D-4DC2-BCD8-530B5D4685AD}.Debug|iPhoneSimulator.Build.0 = Debug|Any CPU
		{584B53B3-359D-4DC2-BCD8-530B5D4685AD}.Debug|x86.ActiveCfg = Debug|x86
		{584B53B3-359D-4DC2-BCD8-530B5D4685AD}.Debug|x86.Build.0 = Debug|x86
		{584B53B3-359D-4DC2-BCD8-530B5D4685AD}.Release|Any CPU.ActiveCfg = Release|Any CPU
		{584B53B3-359D-4DC2-BCD8-530B5D4685AD}.Release|Any CPU.Build.0 = Release|Any CPU
		{584B53B3-359D-4DC2-BCD8-530B5D4685AD}.Release|iPhone.ActiveCfg = Release|Any CPU
		{584B53B3-359D-4DC2-BCD8-530B5D4685AD}.Release|iPhone.Build.0 = Release|Any CPU
		{584B53B3-359D-4DC2-BCD8-530B5D4685AD}.Release|iPhoneSimulator.ActiveCfg = Release|Any CPU
		{584B53B3-359D-4DC2-BCD8-530B5D4685AD}.Release|iPhoneSimulator.Build.0 = Release|Any CPU
		{584B53B3-359D-4DC2-BCD8-530B5D4685AD}.Release|x86.ActiveCfg = Release|x86
		{584B53B3-359D-4DC2-BCD8-530B5D4685AD}.Release|x86.Build.0 = Release|x86
		{584B53B3-359D-4DC2-BCD8-530B5D4685AD}.RelWithDebInfo|Any CPU.ActiveCfg = RelWithDebInfo|Any CPU
		{584B53B3-359D-4DC2-BCD8-530B5D4685AD}.RelWithDebInfo|Any CPU.Build.0 = RelWithDebInfo|Any CPU
		{584B53B3-359D-4DC2-BCD8-530B5D4685AD}.RelWithDebInfo|iPhone.ActiveCfg = RelWithDebInfo|Any CPU
		{584B53B3-359D-4DC2-BCD8-530B5D4685AD}.RelWithDebInfo|iPhone.Build.0 = RelWithDebInfo|Any CPU
		{584B53B3-359D-4DC2-BCD8-530B5D4685AD}.RelWithDebInfo|iPhoneSimulator.ActiveCfg = RelWithDebInfo|Any CPU
		{584B53B3-359D-4DC2-BCD8-530B5D4685AD}.RelWithDebInfo|iPhoneSimulator.Build.0 = RelWithDebInfo|Any CPU
		{584B53B3-359D-4DC2-BCD8-530B5D4685AD}.RelWithDebInfo|x86.ActiveCfg = RelWithDebInfo|x86
		{584B53B3-359D-4DC2-BCD8-530B5D4685AD}.RelWithDebInfo|x86.Build.0 = RelWithDebInfo|x86
		{2E295930-42B1-422D-925D-F07947AD8EFF}.Debug|Any CPU.ActiveCfg = Debug|Any CPU
		{2E295930-42B1-422D-925D-F07947AD8EFF}.Debug|Any CPU.Build.0 = Debug|Any CPU
		{2E295930-42B1-422D-925D-F07947AD8EFF}.Debug|iPhone.ActiveCfg = Debug|Any CPU
		{2E295930-42B1-422D-925D-F07947AD8EFF}.Debug|iPhone.Build.0 = Debug|Any CPU
		{2E295930-42B1-422D-925D-F07947AD8EFF}.Debug|iPhoneSimulator.ActiveCfg = Debug|Any CPU
		{2E295930-42B1-422D-925D-F07947AD8EFF}.Debug|iPhoneSimulator.Build.0 = Debug|Any CPU
		{2E295930-42B1-422D-925D-F07947AD8EFF}.Debug|x86.ActiveCfg = Debug|Any CPU
		{2E295930-42B1-422D-925D-F07947AD8EFF}.Debug|x86.Build.0 = Debug|Any CPU
		{2E295930-42B1-422D-925D-F07947AD8EFF}.Release|Any CPU.ActiveCfg = Release|Any CPU
		{2E295930-42B1-422D-925D-F07947AD8EFF}.Release|Any CPU.Build.0 = Release|Any CPU
		{2E295930-42B1-422D-925D-F07947AD8EFF}.Release|iPhone.ActiveCfg = Release|Any CPU
		{2E295930-42B1-422D-925D-F07947AD8EFF}.Release|iPhone.Build.0 = Release|Any CPU
		{2E295930-42B1-422D-925D-F07947AD8EFF}.Release|iPhoneSimulator.ActiveCfg = Release|Any CPU
		{2E295930-42B1-422D-925D-F07947AD8EFF}.Release|iPhoneSimulator.Build.0 = Release|Any CPU
		{2E295930-42B1-422D-925D-F07947AD8EFF}.Release|x86.ActiveCfg = Release|Any CPU
		{2E295930-42B1-422D-925D-F07947AD8EFF}.Release|x86.Build.0 = Release|Any CPU
		{2E295930-42B1-422D-925D-F07947AD8EFF}.RelWithDebInfo|Any CPU.ActiveCfg = Release|Any CPU
		{2E295930-42B1-422D-925D-F07947AD8EFF}.RelWithDebInfo|Any CPU.Build.0 = Release|Any CPU
		{2E295930-42B1-422D-925D-F07947AD8EFF}.RelWithDebInfo|iPhone.ActiveCfg = Release|Any CPU
		{2E295930-42B1-422D-925D-F07947AD8EFF}.RelWithDebInfo|iPhone.Build.0 = Release|Any CPU
		{2E295930-42B1-422D-925D-F07947AD8EFF}.RelWithDebInfo|iPhoneSimulator.ActiveCfg = Release|Any CPU
		{2E295930-42B1-422D-925D-F07947AD8EFF}.RelWithDebInfo|iPhoneSimulator.Build.0 = Release|Any CPU
		{2E295930-42B1-422D-925D-F07947AD8EFF}.RelWithDebInfo|x86.ActiveCfg = Debug|Any CPU
		{2E295930-42B1-422D-925D-F07947AD8EFF}.RelWithDebInfo|x86.Build.0 = Debug|Any CPU
		{C5BDDD5D-F811-4CDD-A977-2D8581C21F36}.Debug|Any CPU.ActiveCfg = Debug|Any CPU
		{C5BDDD5D-F811-4CDD-A977-2D8581C21F36}.Debug|Any CPU.Build.0 = Debug|Any CPU
		{C5BDDD5D-F811-4CDD-A977-2D8581C21F36}.Debug|iPhone.ActiveCfg = Debug|Any CPU
		{C5BDDD5D-F811-4CDD-A977-2D8581C21F36}.Debug|iPhone.Build.0 = Debug|Any CPU
		{C5BDDD5D-F811-4CDD-A977-2D8581C21F36}.Debug|iPhoneSimulator.ActiveCfg = Debug|Any CPU
		{C5BDDD5D-F811-4CDD-A977-2D8581C21F36}.Debug|iPhoneSimulator.Build.0 = Debug|Any CPU
		{C5BDDD5D-F811-4CDD-A977-2D8581C21F36}.Debug|x86.ActiveCfg = Debug|Any CPU
		{C5BDDD5D-F811-4CDD-A977-2D8581C21F36}.Debug|x86.Build.0 = Debug|Any CPU
		{C5BDDD5D-F811-4CDD-A977-2D8581C21F36}.Release|Any CPU.ActiveCfg = Release|Any CPU
		{C5BDDD5D-F811-4CDD-A977-2D8581C21F36}.Release|Any CPU.Build.0 = Release|Any CPU
		{C5BDDD5D-F811-4CDD-A977-2D8581C21F36}.Release|iPhone.ActiveCfg = Release|Any CPU
		{C5BDDD5D-F811-4CDD-A977-2D8581C21F36}.Release|iPhone.Build.0 = Release|Any CPU
		{C5BDDD5D-F811-4CDD-A977-2D8581C21F36}.Release|iPhoneSimulator.ActiveCfg = Release|Any CPU
		{C5BDDD5D-F811-4CDD-A977-2D8581C21F36}.Release|iPhoneSimulator.Build.0 = Release|Any CPU
		{C5BDDD5D-F811-4CDD-A977-2D8581C21F36}.Release|x86.ActiveCfg = Release|Any CPU
		{C5BDDD5D-F811-4CDD-A977-2D8581C21F36}.Release|x86.Build.0 = Release|Any CPU
		{C5BDDD5D-F811-4CDD-A977-2D8581C21F36}.RelWithDebInfo|Any CPU.ActiveCfg = Release|Any CPU
		{C5BDDD5D-F811-4CDD-A977-2D8581C21F36}.RelWithDebInfo|Any CPU.Build.0 = Release|Any CPU
		{C5BDDD5D-F811-4CDD-A977-2D8581C21F36}.RelWithDebInfo|iPhone.ActiveCfg = Release|Any CPU
		{C5BDDD5D-F811-4CDD-A977-2D8581C21F36}.RelWithDebInfo|iPhone.Build.0 = Release|Any CPU
		{C5BDDD5D-F811-4CDD-A977-2D8581C21F36}.RelWithDebInfo|iPhoneSimulator.ActiveCfg = Release|Any CPU
		{C5BDDD5D-F811-4CDD-A977-2D8581C21F36}.RelWithDebInfo|iPhoneSimulator.Build.0 = Release|Any CPU
		{C5BDDD5D-F811-4CDD-A977-2D8581C21F36}.RelWithDebInfo|x86.ActiveCfg = Debug|Any CPU
		{C5BDDD5D-F811-4CDD-A977-2D8581C21F36}.RelWithDebInfo|x86.Build.0 = Debug|Any CPU
		{E5FED8FD-952F-4DB9-A5A9-2C598FAF976E}.Debug|Any CPU.ActiveCfg = Debug|Any CPU
		{E5FED8FD-952F-4DB9-A5A9-2C598FAF976E}.Debug|Any CPU.Build.0 = Debug|Any CPU
		{E5FED8FD-952F-4DB9-A5A9-2C598FAF976E}.Debug|Any CPU.Deploy.0 = Debug|Any CPU
		{E5FED8FD-952F-4DB9-A5A9-2C598FAF976E}.Debug|iPhone.ActiveCfg = Debug|Any CPU
		{E5FED8FD-952F-4DB9-A5A9-2C598FAF976E}.Debug|iPhone.Build.0 = Debug|Any CPU
		{E5FED8FD-952F-4DB9-A5A9-2C598FAF976E}.Debug|iPhoneSimulator.ActiveCfg = Debug|Any CPU
		{E5FED8FD-952F-4DB9-A5A9-2C598FAF976E}.Debug|iPhoneSimulator.Build.0 = Debug|Any CPU
		{E5FED8FD-952F-4DB9-A5A9-2C598FAF976E}.Debug|x86.ActiveCfg = Debug|Any CPU
		{E5FED8FD-952F-4DB9-A5A9-2C598FAF976E}.Debug|x86.Build.0 = Debug|Any CPU
		{E5FED8FD-952F-4DB9-A5A9-2C598FAF976E}.Release|Any CPU.ActiveCfg = Release|Any CPU
		{E5FED8FD-952F-4DB9-A5A9-2C598FAF976E}.Release|Any CPU.Build.0 = Release|Any CPU
		{E5FED8FD-952F-4DB9-A5A9-2C598FAF976E}.Release|iPhone.ActiveCfg = Release|Any CPU
		{E5FED8FD-952F-4DB9-A5A9-2C598FAF976E}.Release|iPhone.Build.0 = Release|Any CPU
		{E5FED8FD-952F-4DB9-A5A9-2C598FAF976E}.Release|iPhoneSimulator.ActiveCfg = Release|Any CPU
		{E5FED8FD-952F-4DB9-A5A9-2C598FAF976E}.Release|iPhoneSimulator.Build.0 = Release|Any CPU
		{E5FED8FD-952F-4DB9-A5A9-2C598FAF976E}.Release|x86.ActiveCfg = Release|Any CPU
		{E5FED8FD-952F-4DB9-A5A9-2C598FAF976E}.Release|x86.Build.0 = Release|Any CPU
		{E5FED8FD-952F-4DB9-A5A9-2C598FAF976E}.RelWithDebInfo|Any CPU.ActiveCfg = Release|Any CPU
		{E5FED8FD-952F-4DB9-A5A9-2C598FAF976E}.RelWithDebInfo|Any CPU.Build.0 = Release|Any CPU
		{E5FED8FD-952F-4DB9-A5A9-2C598FAF976E}.RelWithDebInfo|iPhone.ActiveCfg = Release|Any CPU
		{E5FED8FD-952F-4DB9-A5A9-2C598FAF976E}.RelWithDebInfo|iPhone.Build.0 = Release|Any CPU
		{E5FED8FD-952F-4DB9-A5A9-2C598FAF976E}.RelWithDebInfo|iPhone.Deploy.0 = Release|Any CPU
		{E5FED8FD-952F-4DB9-A5A9-2C598FAF976E}.RelWithDebInfo|iPhoneSimulator.ActiveCfg = Release|Any CPU
		{E5FED8FD-952F-4DB9-A5A9-2C598FAF976E}.RelWithDebInfo|iPhoneSimulator.Build.0 = Release|Any CPU
		{E5FED8FD-952F-4DB9-A5A9-2C598FAF976E}.RelWithDebInfo|iPhoneSimulator.Deploy.0 = Release|Any CPU
		{E5FED8FD-952F-4DB9-A5A9-2C598FAF976E}.RelWithDebInfo|x86.ActiveCfg = Debug|Any CPU
		{E5FED8FD-952F-4DB9-A5A9-2C598FAF976E}.RelWithDebInfo|x86.Build.0 = Debug|Any CPU
		{97B32648-1B4A-4E35-8058-B2AD7373B6E6}.Debug|Any CPU.ActiveCfg = Debug|iPhoneSimulator
		{97B32648-1B4A-4E35-8058-B2AD7373B6E6}.Debug|Any CPU.Build.0 = Debug|iPhoneSimulator
		{97B32648-1B4A-4E35-8058-B2AD7373B6E6}.Debug|iPhone.ActiveCfg = Debug|iPhone
		{97B32648-1B4A-4E35-8058-B2AD7373B6E6}.Debug|iPhone.Build.0 = Debug|iPhone
		{97B32648-1B4A-4E35-8058-B2AD7373B6E6}.Debug|iPhoneSimulator.ActiveCfg = Debug|iPhoneSimulator
		{97B32648-1B4A-4E35-8058-B2AD7373B6E6}.Debug|iPhoneSimulator.Build.0 = Debug|iPhoneSimulator
		{97B32648-1B4A-4E35-8058-B2AD7373B6E6}.Debug|x86.ActiveCfg = Debug|iPhoneSimulator
		{97B32648-1B4A-4E35-8058-B2AD7373B6E6}.Debug|x86.Build.0 = Debug|iPhoneSimulator
		{97B32648-1B4A-4E35-8058-B2AD7373B6E6}.Release|Any CPU.ActiveCfg = Release|iPhoneSimulator
		{97B32648-1B4A-4E35-8058-B2AD7373B6E6}.Release|Any CPU.Build.0 = Release|iPhoneSimulator
		{97B32648-1B4A-4E35-8058-B2AD7373B6E6}.Release|iPhone.ActiveCfg = Release|iPhone
		{97B32648-1B4A-4E35-8058-B2AD7373B6E6}.Release|iPhone.Build.0 = Release|iPhone
		{97B32648-1B4A-4E35-8058-B2AD7373B6E6}.Release|iPhoneSimulator.ActiveCfg = Release|iPhoneSimulator
		{97B32648-1B4A-4E35-8058-B2AD7373B6E6}.Release|iPhoneSimulator.Build.0 = Release|iPhoneSimulator
		{97B32648-1B4A-4E35-8058-B2AD7373B6E6}.Release|x86.ActiveCfg = Release|iPhoneSimulator
		{97B32648-1B4A-4E35-8058-B2AD7373B6E6}.Release|x86.Build.0 = Release|iPhoneSimulator
		{97B32648-1B4A-4E35-8058-B2AD7373B6E6}.RelWithDebInfo|Any CPU.ActiveCfg = Debug|iPhoneSimulator
		{97B32648-1B4A-4E35-8058-B2AD7373B6E6}.RelWithDebInfo|Any CPU.Build.0 = Debug|iPhoneSimulator
		{97B32648-1B4A-4E35-8058-B2AD7373B6E6}.RelWithDebInfo|iPhone.ActiveCfg = Release|iPhone
		{97B32648-1B4A-4E35-8058-B2AD7373B6E6}.RelWithDebInfo|iPhone.Build.0 = Release|iPhone
		{97B32648-1B4A-4E35-8058-B2AD7373B6E6}.RelWithDebInfo|iPhoneSimulator.ActiveCfg = Release|iPhoneSimulator
		{97B32648-1B4A-4E35-8058-B2AD7373B6E6}.RelWithDebInfo|iPhoneSimulator.Build.0 = Release|iPhoneSimulator
		{97B32648-1B4A-4E35-8058-B2AD7373B6E6}.RelWithDebInfo|x86.ActiveCfg = Debug|iPhoneSimulator
		{97B32648-1B4A-4E35-8058-B2AD7373B6E6}.RelWithDebInfo|x86.Build.0 = Debug|iPhoneSimulator
		{1AA14958-9246-4163-9403-F650E65ADCBC}.Debug|Any CPU.ActiveCfg = Debug|Any CPU
		{1AA14958-9246-4163-9403-F650E65ADCBC}.Debug|Any CPU.Build.0 = Debug|Any CPU
		{1AA14958-9246-4163-9403-F650E65ADCBC}.Debug|iPhone.ActiveCfg = Debug|Any CPU
		{1AA14958-9246-4163-9403-F650E65ADCBC}.Debug|iPhone.Build.0 = Debug|Any CPU
		{1AA14958-9246-4163-9403-F650E65ADCBC}.Debug|iPhoneSimulator.ActiveCfg = Debug|Any CPU
		{1AA14958-9246-4163-9403-F650E65ADCBC}.Debug|iPhoneSimulator.Build.0 = Debug|Any CPU
		{1AA14958-9246-4163-9403-F650E65ADCBC}.Debug|x86.ActiveCfg = Debug|x86
		{1AA14958-9246-4163-9403-F650E65ADCBC}.Debug|x86.Build.0 = Debug|x86
		{1AA14958-9246-4163-9403-F650E65ADCBC}.Release|Any CPU.ActiveCfg = Release|Any CPU
		{1AA14958-9246-4163-9403-F650E65ADCBC}.Release|Any CPU.Build.0 = Release|Any CPU
		{1AA14958-9246-4163-9403-F650E65ADCBC}.Release|iPhone.ActiveCfg = Release|Any CPU
		{1AA14958-9246-4163-9403-F650E65ADCBC}.Release|iPhone.Build.0 = Release|Any CPU
		{1AA14958-9246-4163-9403-F650E65ADCBC}.Release|iPhoneSimulator.ActiveCfg = Release|Any CPU
		{1AA14958-9246-4163-9403-F650E65ADCBC}.Release|iPhoneSimulator.Build.0 = Release|Any CPU
		{1AA14958-9246-4163-9403-F650E65ADCBC}.Release|x86.ActiveCfg = Release|x86
		{1AA14958-9246-4163-9403-F650E65ADCBC}.Release|x86.Build.0 = Release|x86
		{1AA14958-9246-4163-9403-F650E65ADCBC}.RelWithDebInfo|Any CPU.ActiveCfg = RelWithDebInfo|Any CPU
		{1AA14958-9246-4163-9403-F650E65ADCBC}.RelWithDebInfo|Any CPU.Build.0 = RelWithDebInfo|Any CPU
		{1AA14958-9246-4163-9403-F650E65ADCBC}.RelWithDebInfo|iPhone.ActiveCfg = RelWithDebInfo|Any CPU
		{1AA14958-9246-4163-9403-F650E65ADCBC}.RelWithDebInfo|iPhone.Build.0 = RelWithDebInfo|Any CPU
		{1AA14958-9246-4163-9403-F650E65ADCBC}.RelWithDebInfo|iPhoneSimulator.ActiveCfg = RelWithDebInfo|Any CPU
		{1AA14958-9246-4163-9403-F650E65ADCBC}.RelWithDebInfo|iPhoneSimulator.Build.0 = RelWithDebInfo|Any CPU
		{1AA14958-9246-4163-9403-F650E65ADCBC}.RelWithDebInfo|x86.ActiveCfg = RelWithDebInfo|x86
		{1AA14958-9246-4163-9403-F650E65ADCBC}.RelWithDebInfo|x86.Build.0 = RelWithDebInfo|x86
		{310506FD-6E78-4D62-989B-25D69A85E8CF}.Debug|Any CPU.ActiveCfg = Debug|Any CPU
		{310506FD-6E78-4D62-989B-25D69A85E8CF}.Debug|Any CPU.Build.0 = Debug|Any CPU
		{310506FD-6E78-4D62-989B-25D69A85E8CF}.Debug|iPhone.ActiveCfg = Debug|Any CPU
		{310506FD-6E78-4D62-989B-25D69A85E8CF}.Debug|iPhone.Build.0 = Debug|Any CPU
		{310506FD-6E78-4D62-989B-25D69A85E8CF}.Debug|iPhoneSimulator.ActiveCfg = Debug|Any CPU
		{310506FD-6E78-4D62-989B-25D69A85E8CF}.Debug|iPhoneSimulator.Build.0 = Debug|Any CPU
		{310506FD-6E78-4D62-989B-25D69A85E8CF}.Debug|x86.ActiveCfg = Debug|x86
		{310506FD-6E78-4D62-989B-25D69A85E8CF}.Debug|x86.Build.0 = Debug|x86
		{310506FD-6E78-4D62-989B-25D69A85E8CF}.Release|Any CPU.ActiveCfg = Release|Any CPU
		{310506FD-6E78-4D62-989B-25D69A85E8CF}.Release|Any CPU.Build.0 = Release|Any CPU
		{310506FD-6E78-4D62-989B-25D69A85E8CF}.Release|iPhone.ActiveCfg = Release|Any CPU
		{310506FD-6E78-4D62-989B-25D69A85E8CF}.Release|iPhone.Build.0 = Release|Any CPU
		{310506FD-6E78-4D62-989B-25D69A85E8CF}.Release|iPhoneSimulator.ActiveCfg = Release|Any CPU
		{310506FD-6E78-4D62-989B-25D69A85E8CF}.Release|iPhoneSimulator.Build.0 = Release|Any CPU
		{310506FD-6E78-4D62-989B-25D69A85E8CF}.Release|x86.ActiveCfg = Release|x86
		{310506FD-6E78-4D62-989B-25D69A85E8CF}.Release|x86.Build.0 = Release|x86
		{310506FD-6E78-4D62-989B-25D69A85E8CF}.RelWithDebInfo|Any CPU.ActiveCfg = RelWithDebInfo|Any CPU
		{310506FD-6E78-4D62-989B-25D69A85E8CF}.RelWithDebInfo|Any CPU.Build.0 = RelWithDebInfo|Any CPU
		{310506FD-6E78-4D62-989B-25D69A85E8CF}.RelWithDebInfo|iPhone.ActiveCfg = RelWithDebInfo|Any CPU
		{310506FD-6E78-4D62-989B-25D69A85E8CF}.RelWithDebInfo|iPhone.Build.0 = RelWithDebInfo|Any CPU
		{310506FD-6E78-4D62-989B-25D69A85E8CF}.RelWithDebInfo|iPhoneSimulator.ActiveCfg = RelWithDebInfo|Any CPU
		{310506FD-6E78-4D62-989B-25D69A85E8CF}.RelWithDebInfo|iPhoneSimulator.Build.0 = RelWithDebInfo|Any CPU
		{310506FD-6E78-4D62-989B-25D69A85E8CF}.RelWithDebInfo|x86.ActiveCfg = RelWithDebInfo|x86
		{310506FD-6E78-4D62-989B-25D69A85E8CF}.RelWithDebInfo|x86.Build.0 = RelWithDebInfo|x86
		{04FA49F0-AA23-4EE5-B455-6E12FFAD29E6}.Debug|Any CPU.ActiveCfg = Debug|Any CPU
		{04FA49F0-AA23-4EE5-B455-6E12FFAD29E6}.Debug|Any CPU.Build.0 = Debug|Any CPU
		{04FA49F0-AA23-4EE5-B455-6E12FFAD29E6}.Debug|iPhone.ActiveCfg = Debug|Any CPU
		{04FA49F0-AA23-4EE5-B455-6E12FFAD29E6}.Debug|iPhone.Build.0 = Debug|Any CPU
		{04FA49F0-AA23-4EE5-B455-6E12FFAD29E6}.Debug|iPhoneSimulator.ActiveCfg = Debug|Any CPU
		{04FA49F0-AA23-4EE5-B455-6E12FFAD29E6}.Debug|iPhoneSimulator.Build.0 = Debug|Any CPU
		{04FA49F0-AA23-4EE5-B455-6E12FFAD29E6}.Debug|x86.ActiveCfg = Debug|x86
		{04FA49F0-AA23-4EE5-B455-6E12FFAD29E6}.Debug|x86.Build.0 = Debug|x86
		{04FA49F0-AA23-4EE5-B455-6E12FFAD29E6}.Release|Any CPU.ActiveCfg = Release|Any CPU
		{04FA49F0-AA23-4EE5-B455-6E12FFAD29E6}.Release|Any CPU.Build.0 = Release|Any CPU
		{04FA49F0-AA23-4EE5-B455-6E12FFAD29E6}.Release|iPhone.ActiveCfg = Release|Any CPU
		{04FA49F0-AA23-4EE5-B455-6E12FFAD29E6}.Release|iPhone.Build.0 = Release|Any CPU
		{04FA49F0-AA23-4EE5-B455-6E12FFAD29E6}.Release|iPhoneSimulator.ActiveCfg = Release|Any CPU
		{04FA49F0-AA23-4EE5-B455-6E12FFAD29E6}.Release|iPhoneSimulator.Build.0 = Release|Any CPU
		{04FA49F0-AA23-4EE5-B455-6E12FFAD29E6}.Release|x86.ActiveCfg = Release|x86
		{04FA49F0-AA23-4EE5-B455-6E12FFAD29E6}.Release|x86.Build.0 = Release|x86
		{04FA49F0-AA23-4EE5-B455-6E12FFAD29E6}.RelWithDebInfo|Any CPU.ActiveCfg = RelWithDebInfo|Any CPU
		{04FA49F0-AA23-4EE5-B455-6E12FFAD29E6}.RelWithDebInfo|Any CPU.Build.0 = RelWithDebInfo|Any CPU
		{04FA49F0-AA23-4EE5-B455-6E12FFAD29E6}.RelWithDebInfo|iPhone.ActiveCfg = RelWithDebInfo|Any CPU
		{04FA49F0-AA23-4EE5-B455-6E12FFAD29E6}.RelWithDebInfo|iPhone.Build.0 = RelWithDebInfo|Any CPU
		{04FA49F0-AA23-4EE5-B455-6E12FFAD29E6}.RelWithDebInfo|iPhoneSimulator.ActiveCfg = RelWithDebInfo|Any CPU
		{04FA49F0-AA23-4EE5-B455-6E12FFAD29E6}.RelWithDebInfo|iPhoneSimulator.Build.0 = RelWithDebInfo|Any CPU
		{04FA49F0-AA23-4EE5-B455-6E12FFAD29E6}.RelWithDebInfo|x86.ActiveCfg = RelWithDebInfo|x86
		{04FA49F0-AA23-4EE5-B455-6E12FFAD29E6}.RelWithDebInfo|x86.Build.0 = RelWithDebInfo|x86
		{50173D13-DF29-42E7-A30B-8B12D36C77B1}.Debug|Any CPU.ActiveCfg = Debug|Any CPU
		{50173D13-DF29-42E7-A30B-8B12D36C77B1}.Debug|Any CPU.Build.0 = Debug|Any CPU
		{50173D13-DF29-42E7-A30B-8B12D36C77B1}.Debug|iPhone.ActiveCfg = Debug|Any CPU
		{50173D13-DF29-42E7-A30B-8B12D36C77B1}.Debug|iPhone.Build.0 = Debug|Any CPU
		{50173D13-DF29-42E7-A30B-8B12D36C77B1}.Debug|iPhoneSimulator.ActiveCfg = Debug|Any CPU
		{50173D13-DF29-42E7-A30B-8B12D36C77B1}.Debug|iPhoneSimulator.Build.0 = Debug|Any CPU
		{50173D13-DF29-42E7-A30B-8B12D36C77B1}.Debug|x86.ActiveCfg = Debug|x86
		{50173D13-DF29-42E7-A30B-8B12D36C77B1}.Debug|x86.Build.0 = Debug|x86
		{50173D13-DF29-42E7-A30B-8B12D36C77B1}.Release|Any CPU.ActiveCfg = Release|Any CPU
		{50173D13-DF29-42E7-A30B-8B12D36C77B1}.Release|Any CPU.Build.0 = Release|Any CPU
		{50173D13-DF29-42E7-A30B-8B12D36C77B1}.Release|iPhone.ActiveCfg = Release|Any CPU
		{50173D13-DF29-42E7-A30B-8B12D36C77B1}.Release|iPhone.Build.0 = Release|Any CPU
		{50173D13-DF29-42E7-A30B-8B12D36C77B1}.Release|iPhoneSimulator.ActiveCfg = Release|Any CPU
		{50173D13-DF29-42E7-A30B-8B12D36C77B1}.Release|iPhoneSimulator.Build.0 = Release|Any CPU
		{50173D13-DF29-42E7-A30B-8B12D36C77B1}.Release|x86.ActiveCfg = Release|x86
		{50173D13-DF29-42E7-A30B-8B12D36C77B1}.Release|x86.Build.0 = Release|x86
		{50173D13-DF29-42E7-A30B-8B12D36C77B1}.RelWithDebInfo|Any CPU.ActiveCfg = RelWithDebInfo|Any CPU
		{50173D13-DF29-42E7-A30B-8B12D36C77B1}.RelWithDebInfo|Any CPU.Build.0 = RelWithDebInfo|Any CPU
		{50173D13-DF29-42E7-A30B-8B12D36C77B1}.RelWithDebInfo|iPhone.ActiveCfg = RelWithDebInfo|Any CPU
		{50173D13-DF29-42E7-A30B-8B12D36C77B1}.RelWithDebInfo|iPhone.Build.0 = RelWithDebInfo|Any CPU
		{50173D13-DF29-42E7-A30B-8B12D36C77B1}.RelWithDebInfo|iPhoneSimulator.ActiveCfg = RelWithDebInfo|Any CPU
		{50173D13-DF29-42E7-A30B-8B12D36C77B1}.RelWithDebInfo|iPhoneSimulator.Build.0 = RelWithDebInfo|Any CPU
		{50173D13-DF29-42E7-A30B-8B12D36C77B1}.RelWithDebInfo|x86.ActiveCfg = RelWithDebInfo|x86
		{50173D13-DF29-42E7-A30B-8B12D36C77B1}.RelWithDebInfo|x86.Build.0 = RelWithDebInfo|x86
		{19446672-EBA3-4BA6-8DFB-AB2A85AC9AA4}.Debug|Any CPU.ActiveCfg = Debug|iPhoneSimulator
		{19446672-EBA3-4BA6-8DFB-AB2A85AC9AA4}.Debug|Any CPU.Build.0 = Debug|iPhoneSimulator
		{19446672-EBA3-4BA6-8DFB-AB2A85AC9AA4}.Debug|iPhone.ActiveCfg = Debug|iPhone
		{19446672-EBA3-4BA6-8DFB-AB2A85AC9AA4}.Debug|iPhone.Build.0 = Debug|iPhone
		{19446672-EBA3-4BA6-8DFB-AB2A85AC9AA4}.Debug|iPhoneSimulator.ActiveCfg = Debug|iPhoneSimulator
		{19446672-EBA3-4BA6-8DFB-AB2A85AC9AA4}.Debug|iPhoneSimulator.Build.0 = Debug|iPhoneSimulator
		{19446672-EBA3-4BA6-8DFB-AB2A85AC9AA4}.Debug|x86.ActiveCfg = Debug|iPhoneSimulator
		{19446672-EBA3-4BA6-8DFB-AB2A85AC9AA4}.Debug|x86.Build.0 = Debug|iPhoneSimulator
		{19446672-EBA3-4BA6-8DFB-AB2A85AC9AA4}.Release|Any CPU.ActiveCfg = Release|iPhoneSimulator
		{19446672-EBA3-4BA6-8DFB-AB2A85AC9AA4}.Release|Any CPU.Build.0 = Release|iPhoneSimulator
		{19446672-EBA3-4BA6-8DFB-AB2A85AC9AA4}.Release|iPhone.ActiveCfg = Release|iPhone
		{19446672-EBA3-4BA6-8DFB-AB2A85AC9AA4}.Release|iPhone.Build.0 = Release|iPhone
		{19446672-EBA3-4BA6-8DFB-AB2A85AC9AA4}.Release|iPhoneSimulator.ActiveCfg = Release|iPhoneSimulator
		{19446672-EBA3-4BA6-8DFB-AB2A85AC9AA4}.Release|iPhoneSimulator.Build.0 = Release|iPhoneSimulator
		{19446672-EBA3-4BA6-8DFB-AB2A85AC9AA4}.Release|x86.ActiveCfg = Release|iPhoneSimulator
		{19446672-EBA3-4BA6-8DFB-AB2A85AC9AA4}.Release|x86.Build.0 = Release|iPhoneSimulator
		{19446672-EBA3-4BA6-8DFB-AB2A85AC9AA4}.RelWithDebInfo|Any CPU.ActiveCfg = Debug|iPhoneSimulator
		{19446672-EBA3-4BA6-8DFB-AB2A85AC9AA4}.RelWithDebInfo|Any CPU.Build.0 = Debug|iPhoneSimulator
		{19446672-EBA3-4BA6-8DFB-AB2A85AC9AA4}.RelWithDebInfo|iPhone.ActiveCfg = Release|iPhone
		{19446672-EBA3-4BA6-8DFB-AB2A85AC9AA4}.RelWithDebInfo|iPhone.Build.0 = Release|iPhone
		{19446672-EBA3-4BA6-8DFB-AB2A85AC9AA4}.RelWithDebInfo|iPhoneSimulator.ActiveCfg = Release|iPhoneSimulator
		{19446672-EBA3-4BA6-8DFB-AB2A85AC9AA4}.RelWithDebInfo|iPhoneSimulator.Build.0 = Release|iPhoneSimulator
		{19446672-EBA3-4BA6-8DFB-AB2A85AC9AA4}.RelWithDebInfo|x86.ActiveCfg = Debug|iPhoneSimulator
		{19446672-EBA3-4BA6-8DFB-AB2A85AC9AA4}.RelWithDebInfo|x86.Build.0 = Debug|iPhoneSimulator
		{772E0BB4-6B5A-4453-9F4A-034DCBB61B5C}.Debug|Any CPU.ActiveCfg = Debug|Any CPU
		{772E0BB4-6B5A-4453-9F4A-034DCBB61B5C}.Debug|Any CPU.Build.0 = Debug|Any CPU
		{772E0BB4-6B5A-4453-9F4A-034DCBB61B5C}.Debug|Any CPU.Deploy.0 = Debug|Any CPU
		{772E0BB4-6B5A-4453-9F4A-034DCBB61B5C}.Debug|iPhone.ActiveCfg = Debug|Any CPU
		{772E0BB4-6B5A-4453-9F4A-034DCBB61B5C}.Debug|iPhone.Build.0 = Debug|Any CPU
		{772E0BB4-6B5A-4453-9F4A-034DCBB61B5C}.Debug|iPhoneSimulator.ActiveCfg = Debug|Any CPU
		{772E0BB4-6B5A-4453-9F4A-034DCBB61B5C}.Debug|iPhoneSimulator.Build.0 = Debug|Any CPU
		{772E0BB4-6B5A-4453-9F4A-034DCBB61B5C}.Debug|x86.ActiveCfg = Debug|Any CPU
		{772E0BB4-6B5A-4453-9F4A-034DCBB61B5C}.Debug|x86.Build.0 = Debug|Any CPU
		{772E0BB4-6B5A-4453-9F4A-034DCBB61B5C}.Release|Any CPU.ActiveCfg = Release|Any CPU
		{772E0BB4-6B5A-4453-9F4A-034DCBB61B5C}.Release|Any CPU.Build.0 = Release|Any CPU
		{772E0BB4-6B5A-4453-9F4A-034DCBB61B5C}.Release|iPhone.ActiveCfg = Release|Any CPU
		{772E0BB4-6B5A-4453-9F4A-034DCBB61B5C}.Release|iPhone.Build.0 = Release|Any CPU
		{772E0BB4-6B5A-4453-9F4A-034DCBB61B5C}.Release|iPhoneSimulator.ActiveCfg = Release|Any CPU
		{772E0BB4-6B5A-4453-9F4A-034DCBB61B5C}.Release|iPhoneSimulator.Build.0 = Release|Any CPU
		{772E0BB4-6B5A-4453-9F4A-034DCBB61B5C}.Release|x86.ActiveCfg = Release|Any CPU
		{772E0BB4-6B5A-4453-9F4A-034DCBB61B5C}.Release|x86.Build.0 = Release|Any CPU
		{772E0BB4-6B5A-4453-9F4A-034DCBB61B5C}.RelWithDebInfo|Any CPU.ActiveCfg = Debug|Any CPU
		{772E0BB4-6B5A-4453-9F4A-034DCBB61B5C}.RelWithDebInfo|Any CPU.Build.0 = Debug|Any CPU
		{772E0BB4-6B5A-4453-9F4A-034DCBB61B5C}.RelWithDebInfo|iPhone.ActiveCfg = Release|Any CPU
		{772E0BB4-6B5A-4453-9F4A-034DCBB61B5C}.RelWithDebInfo|iPhone.Build.0 = Release|Any CPU
		{772E0BB4-6B5A-4453-9F4A-034DCBB61B5C}.RelWithDebInfo|iPhone.Deploy.0 = Release|Any CPU
		{772E0BB4-6B5A-4453-9F4A-034DCBB61B5C}.RelWithDebInfo|iPhoneSimulator.ActiveCfg = Release|Any CPU
		{772E0BB4-6B5A-4453-9F4A-034DCBB61B5C}.RelWithDebInfo|iPhoneSimulator.Build.0 = Release|Any CPU
		{772E0BB4-6B5A-4453-9F4A-034DCBB61B5C}.RelWithDebInfo|iPhoneSimulator.Deploy.0 = Release|Any CPU
		{772E0BB4-6B5A-4453-9F4A-034DCBB61B5C}.RelWithDebInfo|x86.ActiveCfg = Debug|Any CPU
		{772E0BB4-6B5A-4453-9F4A-034DCBB61B5C}.RelWithDebInfo|x86.Build.0 = Debug|Any CPU
		{30431891-3929-4394-8049-75055B92315F}.Debug|Any CPU.ActiveCfg = Debug|Any CPU
		{30431891-3929-4394-8049-75055B92315F}.Debug|Any CPU.Build.0 = Debug|Any CPU
		{30431891-3929-4394-8049-75055B92315F}.Debug|iPhone.ActiveCfg = Debug|Any CPU
		{30431891-3929-4394-8049-75055B92315F}.Debug|iPhone.Build.0 = Debug|Any CPU
		{30431891-3929-4394-8049-75055B92315F}.Debug|iPhoneSimulator.ActiveCfg = Debug|Any CPU
		{30431891-3929-4394-8049-75055B92315F}.Debug|iPhoneSimulator.Build.0 = Debug|Any CPU
		{30431891-3929-4394-8049-75055B92315F}.Debug|x86.ActiveCfg = Debug|Any CPU
		{30431891-3929-4394-8049-75055B92315F}.Debug|x86.Build.0 = Debug|Any CPU
		{30431891-3929-4394-8049-75055B92315F}.Release|Any CPU.ActiveCfg = Release|Any CPU
		{30431891-3929-4394-8049-75055B92315F}.Release|Any CPU.Build.0 = Release|Any CPU
		{30431891-3929-4394-8049-75055B92315F}.Release|iPhone.ActiveCfg = Release|Any CPU
		{30431891-3929-4394-8049-75055B92315F}.Release|iPhone.Build.0 = Release|Any CPU
		{30431891-3929-4394-8049-75055B92315F}.Release|iPhoneSimulator.ActiveCfg = Release|Any CPU
		{30431891-3929-4394-8049-75055B92315F}.Release|iPhoneSimulator.Build.0 = Release|Any CPU
		{30431891-3929-4394-8049-75055B92315F}.Release|x86.ActiveCfg = Release|Any CPU
		{30431891-3929-4394-8049-75055B92315F}.Release|x86.Build.0 = Release|Any CPU
		{30431891-3929-4394-8049-75055B92315F}.RelWithDebInfo|Any CPU.ActiveCfg = Release|Any CPU
		{30431891-3929-4394-8049-75055B92315F}.RelWithDebInfo|Any CPU.Build.0 = Release|Any CPU
		{30431891-3929-4394-8049-75055B92315F}.RelWithDebInfo|iPhone.ActiveCfg = Release|Any CPU
		{30431891-3929-4394-8049-75055B92315F}.RelWithDebInfo|iPhone.Build.0 = Release|Any CPU
		{30431891-3929-4394-8049-75055B92315F}.RelWithDebInfo|iPhoneSimulator.ActiveCfg = Release|Any CPU
		{30431891-3929-4394-8049-75055B92315F}.RelWithDebInfo|iPhoneSimulator.Build.0 = Release|Any CPU
		{30431891-3929-4394-8049-75055B92315F}.RelWithDebInfo|x86.ActiveCfg = Debug|Any CPU
		{30431891-3929-4394-8049-75055B92315F}.RelWithDebInfo|x86.Build.0 = Debug|Any CPU
		{7D841874-815D-43C7-9A3F-DD0AD9BA9D42}.Debug|Any CPU.ActiveCfg = Debug|Any CPU
		{7D841874-815D-43C7-9A3F-DD0AD9BA9D42}.Debug|Any CPU.Build.0 = Debug|Any CPU
		{7D841874-815D-43C7-9A3F-DD0AD9BA9D42}.Debug|iPhone.ActiveCfg = Debug|Any CPU
		{7D841874-815D-43C7-9A3F-DD0AD9BA9D42}.Debug|iPhone.Build.0 = Debug|Any CPU
		{7D841874-815D-43C7-9A3F-DD0AD9BA9D42}.Debug|iPhoneSimulator.ActiveCfg = Debug|Any CPU
		{7D841874-815D-43C7-9A3F-DD0AD9BA9D42}.Debug|iPhoneSimulator.Build.0 = Debug|Any CPU
		{7D841874-815D-43C7-9A3F-DD0AD9BA9D42}.Debug|x86.ActiveCfg = Debug|Any CPU
		{7D841874-815D-43C7-9A3F-DD0AD9BA9D42}.Debug|x86.Build.0 = Debug|Any CPU
		{7D841874-815D-43C7-9A3F-DD0AD9BA9D42}.Release|Any CPU.ActiveCfg = Release|Any CPU
		{7D841874-815D-43C7-9A3F-DD0AD9BA9D42}.Release|Any CPU.Build.0 = Release|Any CPU
		{7D841874-815D-43C7-9A3F-DD0AD9BA9D42}.Release|iPhone.ActiveCfg = Release|Any CPU
		{7D841874-815D-43C7-9A3F-DD0AD9BA9D42}.Release|iPhone.Build.0 = Release|Any CPU
		{7D841874-815D-43C7-9A3F-DD0AD9BA9D42}.Release|iPhoneSimulator.ActiveCfg = Release|Any CPU
		{7D841874-815D-43C7-9A3F-DD0AD9BA9D42}.Release|iPhoneSimulator.Build.0 = Release|Any CPU
		{7D841874-815D-43C7-9A3F-DD0AD9BA9D42}.Release|x86.ActiveCfg = Release|Any CPU
		{7D841874-815D-43C7-9A3F-DD0AD9BA9D42}.Release|x86.Build.0 = Release|Any CPU
		{7D841874-815D-43C7-9A3F-DD0AD9BA9D42}.RelWithDebInfo|Any CPU.ActiveCfg = Release|Any CPU
		{7D841874-815D-43C7-9A3F-DD0AD9BA9D42}.RelWithDebInfo|Any CPU.Build.0 = Release|Any CPU
		{7D841874-815D-43C7-9A3F-DD0AD9BA9D42}.RelWithDebInfo|iPhone.ActiveCfg = Release|Any CPU
		{7D841874-815D-43C7-9A3F-DD0AD9BA9D42}.RelWithDebInfo|iPhone.Build.0 = Release|Any CPU
		{7D841874-815D-43C7-9A3F-DD0AD9BA9D42}.RelWithDebInfo|iPhoneSimulator.ActiveCfg = Release|Any CPU
		{7D841874-815D-43C7-9A3F-DD0AD9BA9D42}.RelWithDebInfo|iPhoneSimulator.Build.0 = Release|Any CPU
		{7D841874-815D-43C7-9A3F-DD0AD9BA9D42}.RelWithDebInfo|x86.ActiveCfg = Release|Any CPU
		{7D841874-815D-43C7-9A3F-DD0AD9BA9D42}.RelWithDebInfo|x86.Build.0 = Release|Any CPU
	EndGlobalSection
	GlobalSection(SolutionProperties) = preSolution
		HideSolutionNode = FALSE
	EndGlobalSection
	GlobalSection(NestedProjects) = preSolution
		{584B53B3-359D-4DC2-BCD8-530B5D4685AD} = {6EFBFAB8-C606-4BA4-9604-BBAF3788520D}
		{2E295930-42B1-422D-925D-F07947AD8EFF} = {02AADD56-0FD4-4F03-A56C-30529A36B0C0}
		{C5BDDD5D-F811-4CDD-A977-2D8581C21F36} = {02AADD56-0FD4-4F03-A56C-30529A36B0C0}
		{E5FED8FD-952F-4DB9-A5A9-2C598FAF976E} = {02AADD56-0FD4-4F03-A56C-30529A36B0C0}
		{97B32648-1B4A-4E35-8058-B2AD7373B6E6} = {02AADD56-0FD4-4F03-A56C-30529A36B0C0}
		{1AA14958-9246-4163-9403-F650E65ADCBC} = {02AADD56-0FD4-4F03-A56C-30529A36B0C0}
		{310506FD-6E78-4D62-989B-25D69A85E8CF} = {05C85C92-A377-4F69-9EF4-44A94C9B089D}
		{04FA49F0-AA23-4EE5-B455-6E12FFAD29E6} = {6782763B-8097-457C-AEA3-67678621DBE0}
		{50173D13-DF29-42E7-A30B-8B12D36C77B1} = {6782763B-8097-457C-AEA3-67678621DBE0}
		{19446672-EBA3-4BA6-8DFB-AB2A85AC9AA4} = {6782763B-8097-457C-AEA3-67678621DBE0}
		{772E0BB4-6B5A-4453-9F4A-034DCBB61B5C} = {6782763B-8097-457C-AEA3-67678621DBE0}
		{30431891-3929-4394-8049-75055B92315F} = {6782763B-8097-457C-AEA3-67678621DBE0}
		{7D841874-815D-43C7-9A3F-DD0AD9BA9D42} = {7C7FC981-8AE7-42C6-962C-4B70D5C20C35}
	EndGlobalSection
	GlobalSection(ExtensibilityGlobals) = postSolution
		SolutionGuid = {C3DBDA2B-F169-4EDE-9353-858904124B75}
	EndGlobalSection
	GlobalSection(Performance) = preSolution
		HasPerformanceSessions = true
	EndGlobalSection
EndGlobal
