{
  "name": "wasm-plugin-ep-prototype",
  "version": "1.0.0",
  "lockfileVersion": 3,
  "requires": true,
  "packages": {
    "": {
      "name": "wasm-plugin-ep-prototype",
      "version": "1.0.0",
      "license": "ISC",
      "dependencies": {
        "playwright-core": "^1.62.1"
      }
    },
    "node_modules/playwright-core": {
      "version": "1.62.1",
      "resolved": "https://ms-feed-17.pkgs.visualstudio.com/1es-public/_packaging/npm-public/npm/registry/playwright-core/-/playwright-core-1.62.1.tgz",
      "integrity": "sha1-Eg9noZGBv9GDxg+pA8DZkzC1Z4U=",
      "license": "Apache-2.0",
      "bin": {
        "playwright-core": "cli.js"
      },
      "engines": {
        "node": ">=20"
      }
    }
  }
}
