
Microsoft Visual Studio Solution File, Format Version 12.00
# Visual Studio Version 16
VisualStudioVersion = 16.0.30804.86
MinimumVisualStudioVersion = 10.0.40219.1
Project("{8BC9CEB8-8B4A-11D0-8D11-00A0C91BC942}") = "orttraining.win", "orttraining.win.vcxproj", "{101958E0-690B-47A6-BB34-61F76A6801DA}"
EndProject
Global
	GlobalSection(SolutionConfigurationPlatforms) = preSolution
		Debug|x64 = Debug|x64
		Debug|x86 = Debug|x86
		Release|x64 = Release|x64
		Release|x86 = Release|x86
	EndGlobalSection
	GlobalSection(ProjectConfigurationPlatforms) = postSolution
		{101958E0-690B-47A6-BB34-61F76A6801DA}.Debug|x64.ActiveCfg = Debug|x64
		{101958E0-690B-47A6-BB34-61F76A6801DA}.Debug|x64.Build.0 = Debug|x64
		{101958E0-690B-47A6-BB34-61F76A6801DA}.Debug|x86.ActiveCfg = Debug|Win32
		{101958E0-690B-47A6-BB34-61F76A6801DA}.Debug|x86.Build.0 = Debug|Win32
		{101958E0-690B-47A6-BB34-61F76A6801DA}.Release|x64.ActiveCfg = Release|x64
		{101958E0-690B-47A6-BB34-61F76A6801DA}.Release|x64.Build.0 = Release|x64
		{101958E0-690B-47A6-BB34-61F76A6801DA}.Release|x86.ActiveCfg = Release|Win32
		{101958E0-690B-47A6-BB34-61F76A6801DA}.Release|x86.Build.0 = Release|Win32
	EndGlobalSection
	GlobalSection(SolutionProperties) = preSolution
		HideSolutionNode = FALSE
	EndGlobalSection
	GlobalSection(ExtensibilityGlobals) = postSolution
		SolutionGuid = {84B2A858-768F-4A75-ABE6-CAB164386228}
	EndGlobalSection
EndGlobal
