Microsoft Visual Studio Solution File, Format Version 12.00
# Visual Studio Version 17
VisualStudioVersion = 17.5.2.0
MinimumVisualStudioVersion = 10.0.40219.1
Project("{FAE04EC0-301F-11D3-BF4B-00C04F79EFBC}") = "android", "android.csproj", "{94C0B88B-74C7-4FCA-5EE3-D656DB66D9BC}"
EndProject
Global
	GlobalSection(SolutionConfigurationPlatforms) = preSolution
		Debug|Any CPU = Debug|Any CPU
		Release|Any CPU = Release|Any CPU
	EndGlobalSection
	GlobalSection(ProjectConfigurationPlatforms) = postSolution
		{94C0B88B-74C7-4FCA-5EE3-D656DB66D9BC}.Debug|Any CPU.ActiveCfg = Debug|Any CPU
		{94C0B88B-74C7-4FCA-5EE3-D656DB66D9BC}.Debug|Any CPU.Build.0 = Debug|Any CPU
		{94C0B88B-74C7-4FCA-5EE3-D656DB66D9BC}.Release|Any CPU.ActiveCfg = Release|Any CPU
		{94C0B88B-74C7-4FCA-5EE3-D656DB66D9BC}.Release|Any CPU.Build.0 = Release|Any CPU
	EndGlobalSection
	GlobalSection(SolutionProperties) = preSolution
		HideSolutionNode = FALSE
	EndGlobalSection
	GlobalSection(ExtensibilityGlobals) = postSolution
		SolutionGuid = {A4444215-9945-4915-A572-41123CF4EDB1}
	EndGlobalSection
EndGlobal
