
Microsoft Visual Studio Solution File, Format Version 12.00
# Visual Studio Version 17
VisualStudioVersion = 17.14.36408.4 d17.14
MinimumVisualStudioVersion = 10.0.40219.1
Project("{8BC9CEB8-8B4A-11D0-8D11-00A0C91BC942}") = "EpValidationToolWinML", "EpValidationToolWinML.vcxproj", "{39F6BB33-0E7C-454A-9601-7E811CFF31B5}"
EndProject
Global
	GlobalSection(SolutionConfigurationPlatforms) = preSolution
		Debug|ARM64 = Debug|ARM64
		Debug|x64 = Debug|x64
		Debug|x86 = Debug|x86
		Release|ARM64 = Release|ARM64
		Release|x64 = Release|x64
		Release|x86 = Release|x86
	EndGlobalSection
	GlobalSection(ProjectConfigurationPlatforms) = postSolution
		{39F6BB33-0E7C-454A-9601-7E811CFF31B5}.Debug|ARM64.ActiveCfg = Release|x64
		{39F6BB33-0E7C-454A-9601-7E811CFF31B5}.Debug|ARM64.Build.0 = Release|x64
		{39F6BB33-0E7C-454A-9601-7E811CFF31B5}.Debug|x64.ActiveCfg = Debug|x64
		{39F6BB33-0E7C-454A-9601-7E811CFF31B5}.Debug|x64.Build.0 = Debug|x64
		{39F6BB33-0E7C-454A-9601-7E811CFF31B5}.Debug|x86.ActiveCfg = Debug|Win32
		{39F6BB33-0E7C-454A-9601-7E811CFF31B5}.Debug|x86.Build.0 = Debug|Win32
		{39F6BB33-0E7C-454A-9601-7E811CFF31B5}.Release|ARM64.ActiveCfg = Release|ARM64
		{39F6BB33-0E7C-454A-9601-7E811CFF31B5}.Release|ARM64.Build.0 = Release|ARM64
		{39F6BB33-0E7C-454A-9601-7E811CFF31B5}.Release|x64.ActiveCfg = Release|x64
		{39F6BB33-0E7C-454A-9601-7E811CFF31B5}.Release|x64.Build.0 = Release|x64
		{39F6BB33-0E7C-454A-9601-7E811CFF31B5}.Release|x86.ActiveCfg = Release|Win32
		{39F6BB33-0E7C-454A-9601-7E811CFF31B5}.Release|x86.Build.0 = Release|Win32
	EndGlobalSection
	GlobalSection(SolutionProperties) = preSolution
		HideSolutionNode = FALSE
	EndGlobalSection
	GlobalSection(ExtensibilityGlobals) = postSolution
		SolutionGuid = {81FA8E39-D31D-4B2A-A819-C553FE6E5FE9}
	EndGlobalSection
EndGlobal
